schema: '2.0'
stages:
  load_data:
    cmd: python src/stage_01_load_save.py --config=config/config.yaml
    deps:
    - path: config/config.yaml
      md5: 55f19963fac70cf8ea1a51e9a9c0ed68
      size: 377
    - path: rough/test.txt
      md5: b9fc2b32ea0983b2c0627183a1559300
      size: 15
    - path: src/stage_01_load_save.py
      md5: a0e84e140a441d911f47730b595268e0
      size: 1177
    - path: src/utils/all_utils.py
      md5: 22b05f3c29ceb80c0dd1008b7af03501
      size: 713
    outs:
    - path: artifacts/raw_local_dir/data.csv
      md5: 7d814a1bda02145efe703f4e1c01847a
      size: 91999
  always_run:
    cmd: python rough/test.py
    deps:
    - path: rough/test.py
      md5: 0c361db7cda1e43a45536f6fe097b8bc
      size: 195
    outs:
    - path: rough/test.txt
      md5: b9fc2b32ea0983b2c0627183a1559300
      size: 15
  split_data:
    cmd: python src/stage_02_split_data.py --config=config/config.yaml --params=params.yaml
    deps:
    - path: artifacts/raw_local_dir/data.csv
      md5: 7d814a1bda02145efe703f4e1c01847a
      size: 91999
    - path: config/config.yaml
      md5: 55f19963fac70cf8ea1a51e9a9c0ed68
      size: 377
    - path: src/stage_02_split_data.py
      md5: f42ec6b9529004c9025c7d359024a4f1
      size: 1834
    - path: src/utils/all_utils.py
      md5: 22b05f3c29ceb80c0dd1008b7af03501
      size: 713
    params:
      params.yaml:
        base.random_state: 42
        base.test_size: 0.3
    outs:
    - path: artifacts/split_data_dir/test.csv
      md5: 2234775402fc50bcee60bfbfd1cfb1d5
      size: 27782
    - path: artifacts/split_data_dir/train.csv
      md5: e683c1d146b604dc7ac3a46cfcc079c4
      size: 64363
  validation:
    cmd: python rough/test.py
    outs:
    - path: rough/test.txt
      md5: b9fc2b32ea0983b2c0627183a1559300
      size: 15
  train:
    cmd: python src/stage_03_train.py --config=config/config.yaml --params=params.yaml
    deps:
    - path: artifacts/split_data_dir/train.csv
      md5: e683c1d146b604dc7ac3a46cfcc079c4
      size: 64363
    - path: config/config.yaml
      md5: 55f19963fac70cf8ea1a51e9a9c0ed68
      size: 377
    - path: src/stage_03_train.py
      md5: 37562cfb10e5015f65beb8fe7fbc9cd1
      size: 1822
    - path: src/utils/all_utils.py
      md5: 22b05f3c29ceb80c0dd1008b7af03501
      size: 713
    params:
      params.yaml:
        base.random_state: 42
        base.test_size: 0.3
        model_params.ElasticNet.alpha: 0.5
        model_params.ElasticNet.l1_ratio: 0.5
    outs:
    - path: artifacts/model_dir/ElasticNet.model
      md5: b20dedcc400a1800dbb5f7abcbda6477
      size: 1198
  evaluate:
    cmd: python src/stage_04_evaluate.py --config=config/config.yaml --params=params.yaml
    deps:
    - path: artifacts/model_dir/ElasticNet.model
      md5: b20dedcc400a1800dbb5f7abcbda6477
      size: 1198
    - path: artifacts/split_data_dir/test.csv
      md5: 2234775402fc50bcee60bfbfd1cfb1d5
      size: 27782
    - path: config/config.yaml
      md5: 55f19963fac70cf8ea1a51e9a9c0ed68
      size: 377
    - path: src/stage_04_evaluate.py
      md5: 3c7e0b1a88f24bb663921bfbd9102b26
      size: 2977
    - path: src/utils/all_utils.py
      md5: 22b05f3c29ceb80c0dd1008b7af03501
      size: 713
    outs:
    - path: artifacts/reports_dir/
      md5: 55216fed055a241ff9aedac7a29a081b.dir
      size: 232
      nfiles: 4
